
Microsoft Visual Studio Solution File, Format Version 12.00
# Visual Studio Version 17
VisualStudioVersion = 17.12.35527.113
MinimumVisualStudioVersion = 10.0.40219.1
Project("{FAE04EC0-301F-11D3-BF4B-00C04F79EFBC}") = "Echo", "Echo\Echo.csproj", "{E643D774-1A23-46D0-945E-93E1A09A5239}"
EndProject
Global
	GlobalSection(SolutionConfigurationPlatforms) = preSolution
		Debug|Any CPU = Debug|Any CPU
		Release|Any CPU = Release|Any CPU
	EndGlobalSection
	GlobalSection(ProjectConfigurationPlatforms) = postSolution
		{E643D774-1A23-46D0-945E-93E1A09A5239}.Debug|Any CPU.ActiveCfg = Debug|Any CPU
		{E643D774-1A23-46D0-945E-93E1A09A5239}.Debug|Any CPU.Build.0 = Debug|Any CPU
		{E643D774-1A23-46D0-945E-93E1A09A5239}.Release|Any CPU.ActiveCfg = Release|Any CPU
		{E643D774-1A23-46D0-945E-93E1A09A5239}.Release|Any CPU.Build.0 = Release|Any CPU
	EndGlobalSection
	GlobalSection(SolutionProperties) = preSolution
		HideSolutionNode = FALSE
	EndGlobalSection
EndGlobal
